
Microsoft Visual Studio Solution File, Format Version 12.00
# Visual Studio 2017
Project("{FAE04EC0-301F-11D3-BF4B-00C04F79EFBC}") = "2018-01-23 rift mental imagery - Peter's unity code.Plugins", "2018-01-23 rift mental imagery - Peter's unity code.Plugins.csproj", "{5D5C5DEE-CCBE-36C1-5AE2-F8206A5C4BA1}"
EndProject
Project("{FAE04EC0-301F-11D3-BF4B-00C04F79EFBC}") = "2018-01-23 rift mental imagery - Peter's unity code", "2018-01-23 rift mental imagery - Peter's unity code.csproj", "{70FA62C2-2F28-9DC8-323A-F193D2FC0580}"
EndProject
Project("{FAE04EC0-301F-11D3-BF4B-00C04F79EFBC}") = "2018-01-23 rift mental imagery - Peter's unity code.Editor.Plugins", "2018-01-23 rift mental imagery - Peter's unity code.Editor.Plugins.csproj", "{B4BA9637-7518-CEE8-B802-9BE56C5D30F6}"
EndProject
Project("{FAE04EC0-301F-11D3-BF4B-00C04F79EFBC}") = "2018-01-23 rift mental imagery - Peter's unity code.Editor", "2018-01-23 rift mental imagery - Peter's unity code.Editor.csproj", "{2187A205-5EF9-AA5E-F9AD-46B17318BC50}"
EndProject
Global
	GlobalSection(SolutionConfigurationPlatforms) = preSolution
		Debug|Any CPU = Debug|Any CPU
		Release|Any CPU = Release|Any CPU
	EndGlobalSection
	GlobalSection(ProjectConfigurationPlatforms) = postSolution
		{5D5C5DEE-CCBE-36C1-5AE2-F8206A5C4BA1}.Debug|Any CPU.ActiveCfg = Debug|Any CPU
		{5D5C5DEE-CCBE-36C1-5AE2-F8206A5C4BA1}.Debug|Any CPU.Build.0 = Debug|Any CPU
		{5D5C5DEE-CCBE-36C1-5AE2-F8206A5C4BA1}.Release|Any CPU.ActiveCfg = Release|Any CPU
		{5D5C5DEE-CCBE-36C1-5AE2-F8206A5C4BA1}.Release|Any CPU.Build.0 = Release|Any CPU
		{70FA62C2-2F28-9DC8-323A-F193D2FC0580}.Debug|Any CPU.ActiveCfg = Debug|Any CPU
		{70FA62C2-2F28-9DC8-323A-F193D2FC0580}.Debug|Any CPU.Build.0 = Debug|Any CPU
		{70FA62C2-2F28-9DC8-323A-F193D2FC0580}.Release|Any CPU.ActiveCfg = Release|Any CPU
		{70FA62C2-2F28-9DC8-323A-F193D2FC0580}.Release|Any CPU.Build.0 = Release|Any CPU
		{B4BA9637-7518-CEE8-B802-9BE56C5D30F6}.Debug|Any CPU.ActiveCfg = Debug|Any CPU
		{B4BA9637-7518-CEE8-B802-9BE56C5D30F6}.Debug|Any CPU.Build.0 = Debug|Any CPU
		{B4BA9637-7518-CEE8-B802-9BE56C5D30F6}.Release|Any CPU.ActiveCfg = Release|Any CPU
		{B4BA9637-7518-CEE8-B802-9BE56C5D30F6}.Release|Any CPU.Build.0 = Release|Any CPU
		{2187A205-5EF9-AA5E-F9AD-46B17318BC50}.Debug|Any CPU.ActiveCfg = Debug|Any CPU
		{2187A205-5EF9-AA5E-F9AD-46B17318BC50}.Debug|Any CPU.Build.0 = Debug|Any CPU
		{2187A205-5EF9-AA5E-F9AD-46B17318BC50}.Release|Any CPU.ActiveCfg = Release|Any CPU
		{2187A205-5EF9-AA5E-F9AD-46B17318BC50}.Release|Any CPU.Build.0 = Release|Any CPU
	EndGlobalSection
	GlobalSection(SolutionProperties) = preSolution
		HideSolutionNode = FALSE
	EndGlobalSection
EndGlobal
